
Microsoft Visual Studio Solution File, Format Version 12.00
# Visual Studio Version 17
VisualStudioVersion = 17.13.35818.85 d17.13
MinimumVisualStudioVersion = 10.0.40219.1
Project("{FAE04EC0-301F-11D3-BF4B-00C04F79EFBC}") = "AplicativoBases", "AplicativoBases\AplicativoBases.csproj", "{99FFE6BB-F495-4238-864F-AA1727EB26D2}"
EndProject
Global
	GlobalSection(SolutionConfigurationPlatforms) = preSolution
		Debug|Any CPU = Debug|Any CPU
		Release|Any CPU = Release|Any CPU
	EndGlobalSection
	GlobalSection(ProjectConfigurationPlatforms) = postSolution
		{99FFE6BB-F495-4238-864F-AA1727EB26D2}.Debug|Any CPU.ActiveCfg = Debug|Any CPU
		{99FFE6BB-F495-4238-864F-AA1727EB26D2}.Debug|Any CPU.Build.0 = Debug|Any CPU
		{99FFE6BB-F495-4238-864F-AA1727EB26D2}.Release|Any CPU.ActiveCfg = Release|Any CPU
		{99FFE6BB-F495-4238-864F-AA1727EB26D2}.Release|Any CPU.Build.0 = Release|Any CPU
	EndGlobalSection
	GlobalSection(SolutionProperties) = preSolution
		HideSolutionNode = FALSE
	EndGlobalSection
	GlobalSection(ExtensibilityGlobals) = postSolution
		SolutionGuid = {AA99A0D7-F9A6-452A-BDB3-111623A7914E}
	EndGlobalSection
EndGlobal
